Microsoft Visual Studio Solution File, Format Version 11.00
# Visual Studio 2008

Project("{69532046-5B23-CE65-073F-9B34996F1CBF}") = "PeriodicTable1", "Assembly-CSharp.csproj", "{910B4931-E768-EB89-F858-0A1C8207C113}"
EndProject
Project("{69532046-5B23-CE65-073F-9B34996F1CBF}") = "PeriodicTable1", "Assembly-CSharp-Editor.csproj", "{9E8A7EB7-2512-9BCF-7646-401FEA6D97D2}"
EndProject
Global
	GlobalSection(SolutionConfigurationPlatforms) = preSolution
		Debug|Any CPU = Debug|Any CPU
		Release|Any CPU = Release|Any CPU
	EndGlobalSection
	GlobalSection(ProjectConfigurationPlatforms) = postSolution
		{910B4931-E768-EB89-F858-0A1C8207C113}.Debug|Any CPU.ActiveCfg = Debug|Any CPU
		{910B4931-E768-EB89-F858-0A1C8207C113}.Debug|Any CPU.Build.0 = Debug|Any CPU
		{910B4931-E768-EB89-F858-0A1C8207C113}.Release|Any CPU.ActiveCfg = Release|Any CPU
		{910B4931-E768-EB89-F858-0A1C8207C113}.Release|Any CPU.Build.0 = Release|Any CPU
		{9E8A7EB7-2512-9BCF-7646-401FEA6D97D2}.Debug|Any CPU.ActiveCfg = Debug|Any CPU
		{9E8A7EB7-2512-9BCF-7646-401FEA6D97D2}.Debug|Any CPU.Build.0 = Debug|Any CPU
		{9E8A7EB7-2512-9BCF-7646-401FEA6D97D2}.Release|Any CPU.ActiveCfg = Release|Any CPU
		{9E8A7EB7-2512-9BCF-7646-401FEA6D97D2}.Release|Any CPU.Build.0 = Release|Any CPU
	EndGlobalSection
	GlobalSection(SolutionProperties) = preSolution
		HideSolutionNode = FALSE
	EndGlobalSection
	GlobalSection(MonoDevelopProperties) = preSolution
		StartupItem = Assembly-CSharp.csproj
	EndGlobalSection
EndGlobal
