Microsoft Visual Studio Solution File, Format Version 11.00
# Visual Studio 2008

Project("{AFB8B9D0-2535-7F45-FBA8-1FFED7359365}") = "Periodic Table", "Assembly-CSharp.csproj", "{DF95E2B6-14E3-E141-9647-6B30745C35FB}"
EndProject
Project("{AFB8B9D0-2535-7F45-FBA8-1FFED7359365}") = "Periodic Table", "Assembly-CSharp-Editor.csproj", "{95F91A63-5610-5611-2BC7-1FB86FA3CF28}"
EndProject
Global
	GlobalSection(SolutionConfigurationPlatforms) = preSolution
		Debug|Any CPU = Debug|Any CPU
		Release|Any CPU = Release|Any CPU
	EndGlobalSection
	GlobalSection(ProjectConfigurationPlatforms) = postSolution
		{DF95E2B6-14E3-E141-9647-6B30745C35FB}.Debug|Any CPU.ActiveCfg = Debug|Any CPU
		{DF95E2B6-14E3-E141-9647-6B30745C35FB}.Debug|Any CPU.Build.0 = Debug|Any CPU
		{DF95E2B6-14E3-E141-9647-6B30745C35FB}.Release|Any CPU.ActiveCfg = Release|Any CPU
		{DF95E2B6-14E3-E141-9647-6B30745C35FB}.Release|Any CPU.Build.0 = Release|Any CPU
		{95F91A63-5610-5611-2BC7-1FB86FA3CF28}.Debug|Any CPU.ActiveCfg = Debug|Any CPU
		{95F91A63-5610-5611-2BC7-1FB86FA3CF28}.Debug|Any CPU.Build.0 = Debug|Any CPU
		{95F91A63-5610-5611-2BC7-1FB86FA3CF28}.Release|Any CPU.ActiveCfg = Release|Any CPU
		{95F91A63-5610-5611-2BC7-1FB86FA3CF28}.Release|Any CPU.Build.0 = Release|Any CPU
	EndGlobalSection
	GlobalSection(SolutionProperties) = preSolution
		HideSolutionNode = FALSE
	EndGlobalSection
	GlobalSection(MonoDevelopProperties) = preSolution
		StartupItem = Assembly-CSharp.csproj
	EndGlobalSection
EndGlobal
