Microsoft Visual Studio Solution File, Format Version 11.00
# Visual Studio 2008

Project("{809E22EF-4D29-601F-5810-2DC8A24BAB31}") = "PeriodicTable2", "Assembly-CSharp.csproj", "{A28EC16E-B21E-5E62-6F5C-B44678CA01CF}"
EndProject
Project("{809E22EF-4D29-601F-5810-2DC8A24BAB31}") = "PeriodicTable2", "Assembly-CSharp-Editor.csproj", "{6919924F-6CF1-4CF5-805F-016B3874E9CF}"
EndProject
Global
	GlobalSection(SolutionConfigurationPlatforms) = preSolution
		Debug|Any CPU = Debug|Any CPU
		Release|Any CPU = Release|Any CPU
	EndGlobalSection
	GlobalSection(ProjectConfigurationPlatforms) = postSolution
		{A28EC16E-B21E-5E62-6F5C-B44678CA01CF}.Debug|Any CPU.ActiveCfg = Debug|Any CPU
		{A28EC16E-B21E-5E62-6F5C-B44678CA01CF}.Debug|Any CPU.Build.0 = Debug|Any CPU
		{A28EC16E-B21E-5E62-6F5C-B44678CA01CF}.Release|Any CPU.ActiveCfg = Release|Any CPU
		{A28EC16E-B21E-5E62-6F5C-B44678CA01CF}.Release|Any CPU.Build.0 = Release|Any CPU
		{6919924F-6CF1-4CF5-805F-016B3874E9CF}.Debug|Any CPU.ActiveCfg = Debug|Any CPU
		{6919924F-6CF1-4CF5-805F-016B3874E9CF}.Debug|Any CPU.Build.0 = Debug|Any CPU
		{6919924F-6CF1-4CF5-805F-016B3874E9CF}.Release|Any CPU.ActiveCfg = Release|Any CPU
		{6919924F-6CF1-4CF5-805F-016B3874E9CF}.Release|Any CPU.Build.0 = Release|Any CPU
	EndGlobalSection
	GlobalSection(SolutionProperties) = preSolution
		HideSolutionNode = FALSE
	EndGlobalSection
	GlobalSection(MonoDevelopProperties) = preSolution
		StartupItem = Assembly-CSharp.csproj
	EndGlobalSection
EndGlobal
